
Microsoft Visual Studio Solution File, Format Version 12.00
# Visual Studio Version 17
VisualStudioVersion = 17.10.35027.167
MinimumVisualStudioVersion = 10.0.40219.1
Project("{FAE04EC0-301F-11D3-BF4B-00C04F79EFBC}") = "Gestion.domain", "Gestion.domain\Gestion.domain.csproj", "{4C0D9312-8D09-4065-84EE-260E09F48C32}"
EndProject
Project("{FAE04EC0-301F-11D3-BF4B-00C04F79EFBC}") = "Gestion.Infrastructure", "Gestion.Infrastructure\Gestion.Infrastructure.csproj", "{C43F6F41-A54E-4EAF-B2F1-7FDD7CECEC99}"
EndProject
Project("{FAE04EC0-301F-11D3-BF4B-00C04F79EFBC}") = "Gestion.Application", "Gestion.Application\Gestion.Application.csproj", "{4788BFEF-93D3-4FF0-9B3E-D9E239B17F9C}"
EndProject
Project("{FAE04EC0-301F-11D3-BF4B-00C04F79EFBC}") = "Gestion.web", "Gestion.web\Gestion.web.csproj", "{CDC42256-3402-47D4-8DFA-FA9F89C0179B}"
EndProject
Project("{FAE04EC0-301F-11D3-BF4B-00C04F79EFBC}") = "Gestion.Api", "Gestion.Api\Gestion.Api.csproj", "{F1163E87-FF65-477B-B02B-4D903FE033C6}"
EndProject
Global
	GlobalSection(SolutionConfigurationPlatforms) = preSolution
		Debug|Any CPU = Debug|Any CPU
		Release|Any CPU = Release|Any CPU
	EndGlobalSection
	GlobalSection(ProjectConfigurationPlatforms) = postSolution
		{4C0D9312-8D09-4065-84EE-260E09F48C32}.Debug|Any CPU.ActiveCfg = Debug|Any CPU
		{4C0D9312-8D09-4065-84EE-260E09F48C32}.Debug|Any CPU.Build.0 = Debug|Any CPU
		{4C0D9312-8D09-4065-84EE-260E09F48C32}.Release|Any CPU.ActiveCfg = Release|Any CPU
		{4C0D9312-8D09-4065-84EE-260E09F48C32}.Release|Any CPU.Build.0 = Release|Any CPU
		{C43F6F41-A54E-4EAF-B2F1-7FDD7CECEC99}.Debug|Any CPU.ActiveCfg = Debug|Any CPU
		{C43F6F41-A54E-4EAF-B2F1-7FDD7CECEC99}.Debug|Any CPU.Build.0 = Debug|Any CPU
		{C43F6F41-A54E-4EAF-B2F1-7FDD7CECEC99}.Release|Any CPU.ActiveCfg = Release|Any CPU
		{C43F6F41-A54E-4EAF-B2F1-7FDD7CECEC99}.Release|Any CPU.Build.0 = Release|Any CPU
		{4788BFEF-93D3-4FF0-9B3E-D9E239B17F9C}.Debug|Any CPU.ActiveCfg = Debug|Any CPU
		{4788BFEF-93D3-4FF0-9B3E-D9E239B17F9C}.Debug|Any CPU.Build.0 = Debug|Any CPU
		{4788BFEF-93D3-4FF0-9B3E-D9E239B17F9C}.Release|Any CPU.ActiveCfg = Release|Any CPU
		{4788BFEF-93D3-4FF0-9B3E-D9E239B17F9C}.Release|Any CPU.Build.0 = Release|Any CPU
		{CDC42256-3402-47D4-8DFA-FA9F89C0179B}.Debug|Any CPU.ActiveCfg = Debug|Any CPU
		{CDC42256-3402-47D4-8DFA-FA9F89C0179B}.Debug|Any CPU.Build.0 = Debug|Any CPU
		{CDC42256-3402-47D4-8DFA-FA9F89C0179B}.Release|Any CPU.ActiveCfg = Release|Any CPU
		{CDC42256-3402-47D4-8DFA-FA9F89C0179B}.Release|Any CPU.Build.0 = Release|Any CPU
		{F1163E87-FF65-477B-B02B-4D903FE033C6}.Debug|Any CPU.ActiveCfg = Debug|Any CPU
		{F1163E87-FF65-477B-B02B-4D903FE033C6}.Debug|Any CPU.Build.0 = Debug|Any CPU
		{F1163E87-FF65-477B-B02B-4D903FE033C6}.Release|Any CPU.ActiveCfg = Release|Any CPU
		{F1163E87-FF65-477B-B02B-4D903FE033C6}.Release|Any CPU.Build.0 = Release|Any CPU
	EndGlobalSection
	GlobalSection(SolutionProperties) = preSolution
		HideSolutionNode = FALSE
	EndGlobalSection
	GlobalSection(ExtensibilityGlobals) = postSolution
		SolutionGuid = {8B63A749-E7F6-4A50-A850-0E6772CB3074}
	EndGlobalSection
EndGlobal
